// !$*UTF8*$!
{
	archiveVersion = 1;
	classes = {
	};
	objectVersion = 52;
	objects = {

/* Begin PBXBuildFile section */
		1138E9142603F1DF0076F8E9 /* UIButton+Reactive.swift in Sources */ = {isa = PBXBuildFile; fileRef = 1138E9132603F1DF0076F8E9 /* UIButton+Reactive.swift */; };
		1179D3BB2603EC5E00025DEC /* ViewModel.swift in Sources */ = {isa = PBXBuildFile; fileRef = 1179D3BA2603EC5E00025DEC /* ViewModel.swift */; };
		119618842602B0AD00B6889B /* AppDelegate.swift in Sources */ = {isa = PBXBuildFile; fileRef = 119618832602B0AD00B6889B /* AppDelegate.swift */; };
		119618882602B0AD00B6889B /* ViewController.swift in Sources */ = {isa = PBXBuildFile; fileRef = 119618872602B0AD00B6889B /* ViewController.swift */; };
		1196188B2602B0AD00B6889B /* Main.storyboard in Resources */ = {isa = PBXBuildFile; fileRef = 119618892602B0AD00B6889B /* Main.storyboard */; };
		1196188D2602B0AF00B6889B /* Assets.xcassets in Resources */ = {isa = PBXBuildFile; fileRef = 1196188C2602B0AF00B6889B /* Assets.xcassets */; };
		119618902602B0AF00B6889B /* LaunchScreen.storyboard in Resources */ = {isa = PBXBuildFile; fileRef = 1196188E2602B0AF00B6889B /* LaunchScreen.storyboard */; };
		1196189B2602B0AF00B6889B /* ReactiveAppTests.swift in Sources */ = {isa = PBXBuildFile; fileRef = 1196189A2602B0AF00B6889B /* ReactiveAppTests.swift */; };
		119618A62602B0AF00B6889B /* ReactiveAppUITests.swift in Sources */ = {isa = PBXBuildFile; fileRef = 119618A52602B0AF00B6889B /* ReactiveAppUITests.swift */; };
		11DC46092603DC0F00883EB1 /* UIControlPublisher.swift in Sources */ = {isa = PBXBuildFile; fileRef = 11DC46082603DC0F00883EB1 /* UIControlPublisher.swift */; };
		11DC461A2603DC5600883EB1 /* UIControlSubscription.swift in Sources */ = {isa = PBXBuildFile; fileRef = 11DC46192603DC5600883EB1 /* UIControlSubscription.swift */; };
		11DC461F2603DC9000883EB1 /* UIControl+Extension.swift in Sources */ = {isa = PBXBuildFile; fileRef = 11DC461E2603DC9000883EB1 /* UIControl+Extension.swift */; };
		11DC46252603DE9500883EB1 /* CombineX in Frameworks */ = {isa = PBXBuildFile; productRef = 11DC46242603DE9500883EB1 /* CombineX */; };
		11DC462E2603DF7600883EB1 /* UISwitch+Reactive.swift in Sources */ = {isa = PBXBuildFile; fileRef = 11DC462D2603DF7600883EB1 /* UISwitch+Reactive.swift */; };
		11DC46362603E4D400883EB1 /* AppService.swift in Sources */ = {isa = PBXBuildFile; fileRef = 11DC46352603E4D400883EB1 /* AppService.swift */; };
		11DC463C2603E55900883EB1 /* Store.swift in Sources */ = {isa = PBXBuildFile; fileRef = 11DC463B2603E55900883EB1 /* Store.swift */; };
/* End PBXBuildFile section */

/* Begin PBXContainerItemProxy section */
		119618972602B0AF00B6889B /* PBXContainerItemProxy */ = {
			isa = PBXContainerItemProxy;
			containerPortal = 119618782602B0AD00B6889B /* Project object */;
			proxyType = 1;
			remoteGlobalIDString = 1196187F2602B0AD00B6889B;
			remoteInfo = ReactiveApp;
		};
		119618A22602B0AF00B6889B /* PBXContainerItemProxy */ = {
			isa = PBXContainerItemProxy;
			containerPortal = 119618782602B0AD00B6889B /* Project object */;
			proxyType = 1;
			remoteGlobalIDString = 1196187F2602B0AD00B6889B;
			remoteInfo = ReactiveApp;
		};
/* End PBXContainerItemProxy section */

/* Begin PBXFileReference section */
		1138E9132603F1DF0076F8E9 /* UIButton+Reactive.swift */ = {isa = PBXFileReference; lastKnownFileType = sourcecode.swift; path = "UIButton+Reactive.swift"; sourceTree = "<group>"; };
		1179D3BA2603EC5E00025DEC /* ViewModel.swift */ = {isa = PBXFileReference; lastKnownFileType = sourcecode.swift; path = ViewModel.swift; sourceTree = "<group>"; };
		119618802602B0AD00B6889B /* ReactiveApp.app */ = {isa = PBXFileReference; explicitFileType = wrapper.application; includeInIndex = 0; path = ReactiveApp.app; sourceTree = BUILT_PRODUCTS_DIR; };
		119618832602B0AD00B6889B /* AppDelegate.swift */ = {isa = PBXFileReference; lastKnownFileType = sourcecode.swift; path = AppDelegate.swift; sourceTree = "<group>"; };
		119618872602B0AD00B6889B /* ViewController.swift */ = {isa = PBXFileReference; lastKnownFileType = sourcecode.swift; path = ViewController.swift; sourceTree = "<group>"; };
		1196188A2602B0AD00B6889B /* Base */ = {isa = PBXFileReference; lastKnownFileType = file.storyboard; name = Base; path = Base.lproj/Main.storyboard; sourceTree = "<group>"; };
		1196188C2602B0AF00B6889B /* Assets.xcassets */ = {isa = PBXFileReference; lastKnownFileType = folder.assetcatalog; path = Assets.xcassets; sourceTree = "<group>"; };
		1196188F2602B0AF00B6889B /* Base */ = {isa = PBXFileReference; lastKnownFileType = file.storyboard; name = Base; path = Base.lproj/LaunchScreen.storyboard; sourceTree = "<group>"; };
		119618912602B0AF00B6889B /* Info.plist */ = {isa = PBXFileReference; lastKnownFileType = text.plist.xml; path = Info.plist; sourceTree = "<group>"; };
		119618962602B0AF00B6889B /* ReactiveAppTests.xctest */ = {isa = PBXFileReference; explicitFileType = wrapper.cfbundle; includeInIndex = 0; path = ReactiveAppTests.xctest; sourceTree = BUILT_PRODUCTS_DIR; };
		1196189A2602B0AF00B6889B /* ReactiveAppTests.swift */ = {isa = PBXFileReference; lastKnownFileType = sourcecode.swift; path = ReactiveAppTests.swift; sourceTree = "<group>"; };
		1196189C2602B0AF00B6889B /* Info.plist */ = {isa = PBXFileReference; lastKnownFileType = text.plist.xml; path = Info.plist; sourceTree = "<group>"; };
		119618A12602B0AF00B6889B /* ReactiveAppUITests.xctest */ = {isa = PBXFileReference; explicitFileType = wrapper.cfbundle; includeInIndex = 0; path = ReactiveAppUITests.xctest; sourceTree = BUILT_PRODUCTS_DIR; };
		119618A52602B0AF00B6889B /* ReactiveAppUITests.swift */ = {isa = PBXFileReference; lastKnownFileType = sourcecode.swift; path = ReactiveAppUITests.swift; sourceTree = "<group>"; };
		119618A72602B0AF00B6889B /* Info.plist */ = {isa = PBXFileReference; lastKnownFileType = text.plist.xml; path = Info.plist; sourceTree = "<group>"; };
		11DC46082603DC0F00883EB1 /* UIControlPublisher.swift */ = {isa = PBXFileReference; lastKnownFileType = sourcecode.swift; path = UIControlPublisher.swift; sourceTree = "<group>"; };
		11DC46192603DC5600883EB1 /* UIControlSubscription.swift */ = {isa = PBXFileReference; lastKnownFileType = sourcecode.swift; path = UIControlSubscription.swift; sourceTree = "<group>"; };
		11DC461E2603DC9000883EB1 /* UIControl+Extension.swift */ = {isa = PBXFileReference; lastKnownFileType = sourcecode.swift; path = "UIControl+Extension.swift"; sourceTree = "<group>"; };
		11DC462D2603DF7600883EB1 /* UISwitch+Reactive.swift */ = {isa = PBXFileReference; lastKnownFileType = sourcecode.swift; path = "UISwitch+Reactive.swift"; sourceTree = "<group>"; };
		11DC46352603E4D400883EB1 /* AppService.swift */ = {isa = PBXFileReference; lastKnownFileType = sourcecode.swift; path = AppService.swift; sourceTree = "<group>"; };
		11DC463B2603E55900883EB1 /* Store.swift */ = {isa = PBXFileReference; lastKnownFileType = sourcecode.swift; path = Store.swift; sourceTree = "<group>"; };
/* End PBXFileReference section */

/* Begin PBXFrameworksBuildPhase section */
		1196187D2602B0AD00B6889B /* Frameworks */ = {
			isa = PBXFrameworksBuildPhase;
			buildActionMask = 2147483647;
			files = (
				11DC46252603DE9500883EB1 /* CombineX in Frameworks */,
			);
			runOnlyForDeploymentPostprocessing = 0;
		};
		119618932602B0AF00B6889B /* Frameworks */ = {
			isa = PBXFrameworksBuildPhase;
			buildActionMask = 2147483647;
			files = (
			);
			runOnlyForDeploymentPostprocessing = 0;
		};
		1196189E2602B0AF00B6889B /* Frameworks */ = {
			isa = PBXFrameworksBuildPhase;
			buildActionMask = 2147483647;
			files = (
			);
			runOnlyForDeploymentPostprocessing = 0;
		};
/* End PBXFrameworksBuildPhase section */

/* Begin PBXGroup section */
		1179D3B92603EC4D00025DEC /* Screens */ = {
			isa = PBXGroup;
			children = (
				119618872602B0AD00B6889B /* ViewController.swift */,
				1179D3BA2603EC5E00025DEC /* ViewModel.swift */,
			);
			path = Screens;
			sourceTree = "<group>";
		};
		119618772602B0AD00B6889B = {
			isa = PBXGroup;
			children = (
				119618822602B0AD00B6889B /* ReactiveApp */,
				119618992602B0AF00B6889B /* ReactiveAppTests */,
				119618A42602B0AF00B6889B /* ReactiveAppUITests */,
				119618812602B0AD00B6889B /* Products */,
			);
			sourceTree = "<group>";
		};
		119618812602B0AD00B6889B /* Products */ = {
			isa = PBXGroup;
			children = (
				119618802602B0AD00B6889B /* ReactiveApp.app */,
				119618962602B0AF00B6889B /* ReactiveAppTests.xctest */,
				119618A12602B0AF00B6889B /* ReactiveAppUITests.xctest */,
			);
			name = Products;
			sourceTree = "<group>";
		};
		119618822602B0AD00B6889B /* ReactiveApp */ = {
			isa = PBXGroup;
			children = (
				119618832602B0AD00B6889B /* AppDelegate.swift */,
				1196188C2602B0AF00B6889B /* Assets.xcassets */,
				119618912602B0AF00B6889B /* Info.plist */,
				1196188E2602B0AF00B6889B /* LaunchScreen.storyboard */,
				119618892602B0AD00B6889B /* Main.storyboard */,
				11DC463A2603E53F00883EB1 /* Networking */,
				1179D3B92603EC4D00025DEC /* Screens */,
				11DC46292603DEB000883EB1 /* UIBindings */,
			);
			path = ReactiveApp;
			sourceTree = "<group>";
		};
		119618992602B0AF00B6889B /* ReactiveAppTests */ = {
			isa = PBXGroup;
			children = (
				1196189A2602B0AF00B6889B /* ReactiveAppTests.swift */,
				1196189C2602B0AF00B6889B /* Info.plist */,
			);
			path = ReactiveAppTests;
			sourceTree = "<group>";
		};
		119618A42602B0AF00B6889B /* ReactiveAppUITests */ = {
			isa = PBXGroup;
			children = (
				119618A52602B0AF00B6889B /* ReactiveAppUITests.swift */,
				119618A72602B0AF00B6889B /* Info.plist */,
			);
			path = ReactiveAppUITests;
			sourceTree = "<group>";
		};
		11DC46292603DEB000883EB1 /* UIBindings */ = {
			isa = PBXGroup;
			children = (
				11DC461E2603DC9000883EB1 /* UIControl+Extension.swift */,
				11DC46082603DC0F00883EB1 /* UIControlPublisher.swift */,
				11DC46192603DC5600883EB1 /* UIControlSubscription.swift */,
				11DC462D2603DF7600883EB1 /* UISwitch+Reactive.swift */,
				1138E9132603F1DF0076F8E9 /* UIButton+Reactive.swift */,
			);
			path = UIBindings;
			sourceTree = "<group>";
		};
		11DC463A2603E53F00883EB1 /* Networking */ = {
			isa = PBXGroup;
			children = (
				11DC46352603E4D400883EB1 /* AppService.swift */,
				11DC463B2603E55900883EB1 /* Store.swift */,
			);
			path = Networking;
			sourceTree = "<group>";
		};
/* End PBXGroup section */

/* Begin PBXNativeTarget section */
		1196187F2602B0AD00B6889B /* ReactiveApp */ = {
			isa = PBXNativeTarget;
			buildConfigurationList = 119618AA2602B0AF00B6889B /* Build configuration list for PBXNativeTarget "ReactiveApp" */;
			buildPhases = (
				1196187C2602B0AD00B6889B /* Sources */,
				1196187D2602B0AD00B6889B /* Frameworks */,
				1196187E2602B0AD00B6889B /* Resources */,
			);
			buildRules = (
			);
			dependencies = (
			);
			name = ReactiveApp;
			packageProductDependencies = (
				11DC46242603DE9500883EB1 /* CombineX */,
			);
			productName = ReactiveApp;
			productReference = 119618802602B0AD00B6889B /* ReactiveApp.app */;
			productType = "com.apple.product-type.application";
		};
		119618952602B0AF00B6889B /* ReactiveAppTests */ = {
			isa = PBXNativeTarget;
			buildConfigurationList = 119618AD2602B0AF00B6889B /* Build configuration list for PBXNativeTarget "ReactiveAppTests" */;
			buildPhases = (
				119618922602B0AF00B6889B /* Sources */,
				119618932602B0AF00B6889B /* Frameworks */,
				119618942602B0AF00B6889B /* Resources */,
			);
			buildRules = (
			);
			dependencies = (
				119618982602B0AF00B6889B /* PBXTargetDependency */,
			);
			name = ReactiveAppTests;
			productName = ReactiveAppTests;
			productReference = 119618962602B0AF00B6889B /* ReactiveAppTests.xctest */;
			productType = "com.apple.product-type.bundle.unit-test";
		};
		119618A02602B0AF00B6889B /* ReactiveAppUITests */ = {
			isa = PBXNativeTarget;
			buildConfigurationList = 119618B02602B0AF00B6889B /* Build configuration list for PBXNativeTarget "ReactiveAppUITests" */;
			buildPhases = (
				1196189D2602B0AF00B6889B /* Sources */,
				1196189E2602B0AF00B6889B /* Frameworks */,
				1196189F2602B0AF00B6889B /* Resources */,
			);
			buildRules = (
			);
			dependencies = (
				119618A32602B0AF00B6889B /* PBXTargetDependency */,
			);
			name = ReactiveAppUITests;
			productName = ReactiveAppUITests;
			productReference = 119618A12602B0AF00B6889B /* ReactiveAppUITests.xctest */;
			productType = "com.apple.product-type.bundle.ui-testing";
		};
/* End PBXNativeTarget section */

/* Begin PBXProject section */
		119618782602B0AD00B6889B /* Project object */ = {
			isa = PBXProject;
			attributes = {
				LastSwiftUpdateCheck = 1240;
				LastUpgradeCheck = 1240;
				TargetAttributes = {
					1196187F2602B0AD00B6889B = {
						CreatedOnToolsVersion = 12.4;
					};
					119618952602B0AF00B6889B = {
						CreatedOnToolsVersion = 12.4;
						TestTargetID = 1196187F2602B0AD00B6889B;
					};
					119618A02602B0AF00B6889B = {
						CreatedOnToolsVersion = 12.4;
						TestTargetID = 1196187F2602B0AD00B6889B;
					};
				};
			};
			buildConfigurationList = 1196187B2602B0AD00B6889B /* Build configuration list for PBXProject "ReactiveApp" */;
			compatibilityVersion = "Xcode 9.3";
			developmentRegion = en;
			hasScannedForEncodings = 0;
			knownRegions = (
				en,
				Base,
			);
			mainGroup = 119618772602B0AD00B6889B;
			packageReferences = (
				11DC46232603DE9500883EB1 /* XCRemoteSwiftPackageReference "CombineX" */,
			);
			productRefGroup = 119618812602B0AD00B6889B /* Products */;
			projectDirPath = "";
			projectRoot = "";
			targets = (
				1196187F2602B0AD00B6889B /* ReactiveApp */,
				119618952602B0AF00B6889B /* ReactiveAppTests */,
				119618A02602B0AF00B6889B /* ReactiveAppUITests */,
			);
		};
/* End PBXProject section */

/* Begin PBXResourcesBuildPhase section */
		1196187E2602B0AD00B6889B /* Resources */ = {
			isa = PBXResourcesBuildPhase;
			buildActionMask = 2147483647;
			files = (
				119618902602B0AF00B6889B /* LaunchScreen.storyboard in Resources */,
				1196188D2602B0AF00B6889B /* Assets.xcassets in Resources */,
				1196188B2602B0AD00B6889B /* Main.storyboard in Resources */,
			);
			runOnlyForDeploymentPostprocessing = 0;
		};
		119618942602B0AF00B6889B /* Resources */ = {
			isa = PBXResourcesBuildPhase;
			buildActionMask = 2147483647;
			files = (
			);
			runOnlyForDeploymentPostprocessing = 0;
		};
		1196189F2602B0AF00B6889B /* Resources */ = {
			isa = PBXResourcesBuildPhase;
			buildActionMask = 2147483647;
			files = (
			);
			runOnlyForDeploymentPostprocessing = 0;
		};
/* End PBXResourcesBuildPhase section */

/* Begin PBXSourcesBuildPhase section */
		1196187C2602B0AD00B6889B /* Sources */ = {
			isa = PBXSourcesBuildPhase;
			buildActionMask = 2147483647;
			files = (
				11DC462E2603DF7600883EB1 /* UISwitch+Reactive.swift in Sources */,
				1179D3BB2603EC5E00025DEC /* ViewModel.swift in Sources */,
				119618882602B0AD00B6889B /* ViewController.swift in Sources */,
				11DC46362603E4D400883EB1 /* AppService.swift in Sources */,
				11DC463C2603E55900883EB1 /* Store.swift in Sources */,
				11DC461F2603DC9000883EB1 /* UIControl+Extension.swift in Sources */,
				1138E9142603F1DF0076F8E9 /* UIButton+Reactive.swift in Sources */,
				119618842602B0AD00B6889B /* AppDelegate.swift in Sources */,
				11DC461A2603DC5600883EB1 /* UIControlSubscription.swift in Sources */,
				11DC46092603DC0F00883EB1 /* UIControlPublisher.swift in Sources */,
			);
			runOnlyForDeploymentPostprocessing = 0;
		};
		119618922602B0AF00B6889B /* Sources */ = {
			isa = PBXSourcesBuildPhase;
			buildActionMask = 2147483647;
			files = (
				1196189B2602B0AF00B6889B /* ReactiveAppTests.swift in Sources */,
			);
			runOnlyForDeploymentPostprocessing = 0;
		};
		1196189D2602B0AF00B6889B /* Sources */ = {
			isa = PBXSourcesBuildPhase;
			buildActionMask = 2147483647;
			files = (
				119618A62602B0AF00B6889B /* ReactiveAppUITests.swift in Sources */,
			);
			runOnlyForDeploymentPostprocessing = 0;
		};
/* End PBXSourcesBuildPhase section */

/* Begin PBXTargetDependency section */
		119618982602B0AF00B6889B /* PBXTargetDependency */ = {
			isa = PBXTargetDependency;
			target = 1196187F2602B0AD00B6889B /* ReactiveApp */;
			targetProxy = 119618972602B0AF00B6889B /* PBXContainerItemProxy */;
		};
		119618A32602B0AF00B6889B /* PBXTargetDependency */ = {
			isa = PBXTargetDependency;
			target = 1196187F2602B0AD00B6889B /* ReactiveApp */;
			targetProxy = 119618A22602B0AF00B6889B /* PBXContainerItemProxy */;
		};
/* End PBXTargetDependency section */

/* Begin PBXVariantGroup section */
		119618892602B0AD00B6889B /* Main.storyboard */ = {
			isa = PBXVariantGroup;
			children = (
				1196188A2602B0AD00B6889B /* Base */,
			);
			name = Main.storyboard;
			sourceTree = "<group>";
		};
		1196188E2602B0AF00B6889B /* LaunchScreen.storyboard */ = {
			isa = PBXVariantGroup;
			children = (
				1196188F2602B0AF00B6889B /* Base */,
			);
			name = LaunchScreen.storyboard;
			sourceTree = "<group>";
		};
/* End PBXVariantGroup section */

/* Begin XCBuildConfiguration section */
		119618A82602B0AF00B6889B /* Debug */ = {
			isa = XCBuildConfiguration;
			buildSettings = {
				ALWAYS_SEARCH_USER_PATHS = NO;
				CLANG_ANALYZER_NONNULL = YES;
				CLANG_ANALYZER_NUMBER_OBJECT_CONVERSION = YES_AGGRESSIVE;
				CLANG_CXX_LANGUAGE_STANDARD = "gnu++14";
				CLANG_CXX_LIBRARY = "libc++";
				CLANG_ENABLE_MODULES = YES;
				CLANG_ENABLE_OBJC_ARC = YES;
				CLANG_ENABLE_OBJC_WEAK = YES;
				CLANG_WARN_BLOCK_CAPTURE_AUTORELEASING = YES;
				CLANG_WARN_BOOL_CONVERSION = YES;
				CLANG_WARN_COMMA = YES;
				CLANG_WARN_CONSTANT_CONVERSION = YES;
				CLANG_WARN_DEPRECATED_OBJC_IMPLEMENTATIONS = YES;
				CLANG_WARN_DIRECT_OBJC_ISA_USAGE = YES_ERROR;
				CLANG_WARN_DOCUMENTATION_COMMENTS = YES;
				CLANG_WARN_EMPTY_BODY = YES;
				CLANG_WARN_ENUM_CONVERSION = YES;
				CLANG_WARN_INFINITE_RECURSION = YES;
				CLANG_WARN_INT_CONVERSION = YES;
				CLANG_WARN_NON_LITERAL_NULL_CONVERSION = YES;
				CLANG_WARN_OBJC_IMPLICIT_RETAIN_SELF = YES;
				CLANG_WARN_OBJC_LITERAL_CONVERSION = YES;
				CLANG_WARN_OBJC_ROOT_CLASS = YES_ERROR;
				CLANG_WARN_QUOTED_INCLUDE_IN_FRAMEWORK_HEADER = YES;
				CLANG_WARN_RANGE_LOOP_ANALYSIS = YES;
				CLANG_WARN_STRICT_PROTOTYPES = YES;
				CLANG_WARN_SUSPICIOUS_MOVE = YES;
				CLANG_WARN_UNGUARDED_AVAILABILITY = YES_AGGRESSIVE;
				CLANG_WARN_UNREACHABLE_CODE = YES;
				CLANG_WARN__DUPLICATE_METHOD_MATCH = YES;
				COPY_PHASE_STRIP = NO;
				DEBUG_INFORMATION_FORMAT = dwarf;
				ENABLE_STRICT_OBJC_MSGSEND = YES;
				ENABLE_TESTABILITY = YES;
				GCC_C_LANGUAGE_STANDARD = gnu11;
				GCC_DYNAMIC_NO_PIC = NO;
				GCC_NO_COMMON_BLOCKS = YES;
				GCC_OPTIMIZATION_LEVEL = 0;
				GCC_PREPROCESSOR_DEFINITIONS = (
					"DEBUG=1",
					"$(inherited)",
				);
				GCC_WARN_64_TO_32_BIT_CONVERSION = YES;
				GCC_WARN_ABOUT_RETURN_TYPE = YES_ERROR;
				GCC_WARN_UNDECLARED_SELECTOR = YES;
				GCC_WARN_UNINITIALIZED_AUTOS = YES_AGGRESSIVE;
				GCC_WARN_UNUSED_FUNCTION = YES;
				GCC_WARN_UNUSED_VARIABLE = YES;
				IPHONEOS_DEPLOYMENT_TARGET = 11.4;
				MTL_ENABLE_DEBUG_INFO = INCLUDE_SOURCE;
				MTL_FAST_MATH = YES;
				ONLY_ACTIVE_ARCH = YES;
				SDKROOT = iphoneos;
				SWIFT_ACTIVE_COMPILATION_CONDITIONS = DEBUG;
				SWIFT_OPTIMIZATION_LEVEL = "-Onone";
			};
			name = Debug;
		};
		119618A92602B0AF00B6889B /* Release */ = {
			isa = XCBuildConfiguration;
			buildSettings = {
				ALWAYS_SEARCH_USER_PATHS = NO;
				CLANG_ANALYZER_NONNULL = YES;
				CLANG_ANALYZER_NUMBER_OBJECT_CONVERSION = YES_AGGRESSIVE;
				CLANG_CXX_LANGUAGE_STANDARD = "gnu++14";
				CLANG_CXX_LIBRARY = "libc++";
				CLANG_ENABLE_MODULES = YES;
				CLANG_ENABLE_OBJC_ARC = YES;
				CLANG_ENABLE_OBJC_WEAK = YES;
				CLANG_WARN_BLOCK_CAPTURE_AUTORELEASING = YES;
				CLANG_WARN_BOOL_CONVERSION = YES;
				CLANG_WARN_COMMA = YES;
				CLANG_WARN_CONSTANT_CONVERSION = YES;
				CLANG_WARN_DEPRECATED_OBJC_IMPLEMENTATIONS = YES;
				CLANG_WARN_DIRECT_OBJC_ISA_USAGE = YES_ERROR;
				CLANG_WARN_DOCUMENTATION_COMMENTS = YES;
				CLANG_WARN_EMPTY_BODY = YES;
				CLANG_WARN_ENUM_CONVERSION = YES;
				CLANG_WARN_INFINITE_RECURSION = YES;
				CLANG_WARN_INT_CONVERSION = YES;
				CLANG_WARN_NON_LITERAL_NULL_CONVERSION = YES;
				CLANG_WARN_OBJC_IMPLICIT_RETAIN_SELF = YES;
				CLANG_WARN_OBJC_LITERAL_CONVERSION = YES;
				CLANG_WARN_OBJC_ROOT_CLASS = YES_ERROR;
				CLANG_WARN_QUOTED_INCLUDE_IN_FRAMEWORK_HEADER = YES;
				CLANG_WARN_RANGE_LOOP_ANALYSIS = YES;
				CLANG_WARN_STRICT_PROTOTYPES = YES;
				CLANG_WARN_SUSPICIOUS_MOVE = YES;
				CLANG_WARN_UNGUARDED_AVAILABILITY = YES_AGGRESSIVE;
				CLANG_WARN_UNREACHABLE_CODE = YES;
				CLANG_WARN__DUPLICATE_METHOD_MATCH = YES;
				COPY_PHASE_STRIP = NO;
				DEBUG_INFORMATION_FORMAT = "dwarf-with-dsym";
				ENABLE_NS_ASSERTIONS = NO;
				ENABLE_STRICT_OBJC_MSGSEND = YES;
				GCC_C_LANGUAGE_STANDARD = gnu11;
				GCC_NO_COMMON_BLOCKS = YES;
				GCC_WARN_64_TO_32_BIT_CONVERSION = YES;
				GCC_WARN_ABOUT_RETURN_TYPE = YES_ERROR;
				GCC_WARN_UNDECLARED_SELECTOR = YES;
				GCC_WARN_UNINITIALIZED_AUTOS = YES_AGGRESSIVE;
				GCC_WARN_UNUSED_FUNCTION = YES;
				GCC_WARN_UNUSED_VARIABLE = YES;
				IPHONEOS_DEPLOYMENT_TARGET = 11.4;
				MTL_ENABLE_DEBUG_INFO = NO;
				MTL_FAST_MATH = YES;
				SDKROOT = iphoneos;
				SWIFT_COMPILATION_MODE = wholemodule;
				SWIFT_OPTIMIZATION_LEVEL = "-O";
				VALIDATE_PRODUCT = YES;
			};
			name = Release;
		};
		119618AB2602B0AF00B6889B /* Debug */ = {
			isa = XCBuildConfiguration;
			buildSettings = {
				ASSETCATALOG_COMPILER_APPICON_NAME = AppIcon;
				ASSETCATALOG_COMPILER_GLOBAL_ACCENT_COLOR_NAME = AccentColor;
				CODE_SIGN_STYLE = Automatic;
				INFOPLIST_FILE = ReactiveApp/Info.plist;
				IPHONEOS_DEPLOYMENT_TARGET = 11.4;
				LD_RUNPATH_SEARCH_PATHS = (
					"$(inherited)",
					"@executable_path/Frameworks",
				);
				PRODUCT_BUNDLE_IDENTIFIER = com.test.ReactiveApp;
				PRODUCT_NAME = "$(TARGET_NAME)";
				SWIFT_VERSION = 5.0;
				TARGETED_DEVICE_FAMILY = "1,2";
			};
			name = Debug;
		};
		119618AC2602B0AF00B6889B /* Release */ = {
			isa = XCBuildConfiguration;
			buildSettings = {
				ASSETCATALOG_COMPILER_APPICON_NAME = AppIcon;
				ASSETCATALOG_COMPILER_GLOBAL_ACCENT_COLOR_NAME = AccentColor;
				CODE_SIGN_STYLE = Automatic;
				INFOPLIST_FILE = ReactiveApp/Info.plist;
				IPHONEOS_DEPLOYMENT_TARGET = 11.4;
				LD_RUNPATH_SEARCH_PATHS = (
					"$(inherited)",
					"@executable_path/Frameworks",
				);
				PRODUCT_BUNDLE_IDENTIFIER = com.test.ReactiveApp;
				PRODUCT_NAME = "$(TARGET_NAME)";
				SWIFT_VERSION = 5.0;
				TARGETED_DEVICE_FAMILY = "1,2";
			};
			name = Release;
		};
		119618AE2602B0AF00B6889B /* Debug */ = {
			isa = XCBuildConfiguration;
			buildSettings = {
				ALWAYS_EMBED_SWIFT_STANDARD_LIBRARIES = YES;
				BUNDLE_LOADER = "$(TEST_HOST)";
				CODE_SIGN_STYLE = Automatic;
				INFOPLIST_FILE = ReactiveAppTests/Info.plist;
				IPHONEOS_DEPLOYMENT_TARGET = 14.4;
				LD_RUNPATH_SEARCH_PATHS = (
					"$(inherited)",
					"@executable_path/Frameworks",
					"@loader_path/Frameworks",
				);
				PRODUCT_BUNDLE_IDENTIFIER = com.test.ReactiveAppTests;
				PRODUCT_NAME = "$(TARGET_NAME)";
				SWIFT_VERSION = 5.0;
				TARGETED_DEVICE_FAMILY = "1,2";
				TEST_HOST = "$(BUILT_PRODUCTS_DIR)/ReactiveApp.app/ReactiveApp";
			};
			name = Debug;
		};
		119618AF2602B0AF00B6889B /* Release */ = {
			isa = XCBuildConfiguration;
			buildSettings = {
				ALWAYS_EMBED_SWIFT_STANDARD_LIBRARIES = YES;
				BUNDLE_LOADER = "$(TEST_HOST)";
				CODE_SIGN_STYLE = Automatic;
				INFOPLIST_FILE = ReactiveAppTests/Info.plist;
				IPHONEOS_DEPLOYMENT_TARGET = 14.4;
				LD_RUNPATH_SEARCH_PATHS = (
					"$(inherited)",
					"@executable_path/Frameworks",
					"@loader_path/Frameworks",
				);
				PRODUCT_BUNDLE_IDENTIFIER = com.test.ReactiveAppTests;
				PRODUCT_NAME = "$(TARGET_NAME)";
				SWIFT_VERSION = 5.0;
				TARGETED_DEVICE_FAMILY = "1,2";
				TEST_HOST = "$(BUILT_PRODUCTS_DIR)/ReactiveApp.app/ReactiveApp";
			};
			name = Release;
		};
		119618B12602B0AF00B6889B /* Debug */ = {
			isa = XCBuildConfiguration;
			buildSettings = {
				ALWAYS_EMBED_SWIFT_STANDARD_LIBRARIES = YES;
				CODE_SIGN_STYLE = Automatic;
				INFOPLIST_FILE = ReactiveAppUITests/Info.plist;
				LD_RUNPATH_SEARCH_PATHS = (
					"$(inherited)",
					"@executable_path/Frameworks",
					"@loader_path/Frameworks",
				);
				PRODUCT_BUNDLE_IDENTIFIER = com.test.ReactiveAppUITests;
				PRODUCT_NAME = "$(TARGET_NAME)";
				SWIFT_VERSION = 5.0;
				TARGETED_DEVICE_FAMILY = "1,2";
				TEST_TARGET_NAME = ReactiveApp;
			};
			name = Debug;
		};
		119618B22602B0AF00B6889B /* Release */ = {
			isa = XCBuildConfiguration;
			buildSettings = {
				ALWAYS_EMBED_SWIFT_STANDARD_LIBRARIES = YES;
				CODE_SIGN_STYLE = Automatic;
				INFOPLIST_FILE = ReactiveAppUITests/Info.plist;
				LD_RUNPATH_SEARCH_PATHS = (
					"$(inherited)",
					"@executable_path/Frameworks",
					"@loader_path/Frameworks",
				);
				PRODUCT_BUNDLE_IDENTIFIER = com.test.ReactiveAppUITests;
				PRODUCT_NAME = "$(TARGET_NAME)";
				SWIFT_VERSION = 5.0;
				TARGETED_DEVICE_FAMILY = "1,2";
				TEST_TARGET_NAME = ReactiveApp;
			};
			name = Release;
		};
/* End XCBuildConfiguration section */

/* Begin XCConfigurationList section */
		1196187B2602B0AD00B6889B /* Build configuration list for PBXProject "ReactiveApp" */ = {
			isa = XCConfigurationList;
			buildConfigurations = (
				119618A82602B0AF00B6889B /* Debug */,
				119618A92602B0AF00B6889B /* Release */,
			);
			defaultConfigurationIsVisible = 0;
			defaultConfigurationName = Release;
		};
		119618AA2602B0AF00B6889B /* Build configuration list for PBXNativeTarget "ReactiveApp" */ = {
			isa = XCConfigurationList;
			buildConfigurations = (
				119618AB2602B0AF00B6889B /* Debug */,
				119618AC2602B0AF00B6889B /* Release */,
			);
			defaultConfigurationIsVisible = 0;
			defaultConfigurationName = Release;
		};
		119618AD2602B0AF00B6889B /* Build configuration list for PBXNativeTarget "ReactiveAppTests" */ = {
			isa = XCConfigurationList;
			buildConfigurations = (
				119618AE2602B0AF00B6889B /* Debug */,
				119618AF2602B0AF00B6889B /* Release */,
			);
			defaultConfigurationIsVisible = 0;
			defaultConfigurationName = Release;
		};
		119618B02602B0AF00B6889B /* Build configuration list for PBXNativeTarget "ReactiveAppUITests" */ = {
			isa = XCConfigurationList;
			buildConfigurations = (
				119618B12602B0AF00B6889B /* Debug */,
				119618B22602B0AF00B6889B /* Release */,
			);
			defaultConfigurationIsVisible = 0;
			defaultConfigurationName = Release;
		};
/* End XCConfigurationList section */

/* Begin XCRemoteSwiftPackageReference section */
		11DC46232603DE9500883EB1 /* XCRemoteSwiftPackageReference "CombineX" */ = {
			isa = XCRemoteSwiftPackageReference;
			repositoryURL = "https://github.com/cx-org/CombineX";
			requirement = {
				kind = upToNextMajorVersion;
				minimumVersion = 0.3.0;
			};
		};
/* End XCRemoteSwiftPackageReference section */

/* Begin XCSwiftPackageProductDependency section */
		11DC46242603DE9500883EB1 /* CombineX */ = {
			isa = XCSwiftPackageProductDependency;
			package = 11DC46232603DE9500883EB1 /* XCRemoteSwiftPackageReference "CombineX" */;
			productName = CombineX;
		};
/* End XCSwiftPackageProductDependency section */
	};
	rootObject = 119618782602B0AD00B6889B /* Project object */;
}
